
Microsoft Visual Studio Solution File, Format Version 12.00
# Visual Studio Version 16
VisualStudioVersion = 16.0.30114.105
MinimumVisualStudioVersion = 10.0.40219.1
Project("{FAE04EC0-301F-11D3-BF4B-00C04F79EFBC}") = "TATask", "Task\TATask.csproj", "{BE9804D8-8B6C-4DED-AFF1-6FE64E49EFC2}"
EndProject
Project("{FAE04EC0-301F-11D3-BF4B-00C04F79EFBC}") = "TATaskTest", "Test\TATaskTest.csproj", "{205EF703-E539-471F-A59A-E97F43DF5440}"
EndProject
Project("{FAE04EC0-301F-11D3-BF4B-00C04F79EFBC}") = "TATask.AssetApi", "TATask.AssetApi\TATask.AssetApi.csproj", "{4D1BEE1C-5536-4938-BFCC-095A0660A073}"
EndProject
Project("{FAE04EC0-301F-11D3-BF4B-00C04F79EFBC}") = "TATask.AssetApi.Blocktap", "TATask.AssetApi.Blocktap\TATask.AssetApi.Blocktap.csproj", "{D6A02DDC-E67D-47B0-8C3D-ACC143410159}"
EndProject
Global
	GlobalSection(SolutionConfigurationPlatforms) = preSolution
		Debug|Any CPU = Debug|Any CPU
		Debug|x64 = Debug|x64
		Debug|x86 = Debug|x86
		Release|Any CPU = Release|Any CPU
		Release|x64 = Release|x64
		Release|x86 = Release|x86
	EndGlobalSection
	GlobalSection(SolutionProperties) = preSolution
		HideSolutionNode = FALSE
	EndGlobalSection
	GlobalSection(ProjectConfigurationPlatforms) = postSolution
		{BE9804D8-8B6C-4DED-AFF1-6FE64E49EFC2}.Debug|Any CPU.ActiveCfg = Debug|Any CPU
		{BE9804D8-8B6C-4DED-AFF1-6FE64E49EFC2}.Debug|Any CPU.Build.0 = Debug|Any CPU
		{BE9804D8-8B6C-4DED-AFF1-6FE64E49EFC2}.Debug|x64.ActiveCfg = Debug|Any CPU
		{BE9804D8-8B6C-4DED-AFF1-6FE64E49EFC2}.Debug|x64.Build.0 = Debug|Any CPU
		{BE9804D8-8B6C-4DED-AFF1-6FE64E49EFC2}.Debug|x86.ActiveCfg = Debug|Any CPU
		{BE9804D8-8B6C-4DED-AFF1-6FE64E49EFC2}.Debug|x86.Build.0 = Debug|Any CPU
		{BE9804D8-8B6C-4DED-AFF1-6FE64E49EFC2}.Release|Any CPU.ActiveCfg = Release|Any CPU
		{BE9804D8-8B6C-4DED-AFF1-6FE64E49EFC2}.Release|Any CPU.Build.0 = Release|Any CPU
		{BE9804D8-8B6C-4DED-AFF1-6FE64E49EFC2}.Release|x64.ActiveCfg = Release|Any CPU
		{BE9804D8-8B6C-4DED-AFF1-6FE64E49EFC2}.Release|x64.Build.0 = Release|Any CPU
		{BE9804D8-8B6C-4DED-AFF1-6FE64E49EFC2}.Release|x86.ActiveCfg = Release|Any CPU
		{BE9804D8-8B6C-4DED-AFF1-6FE64E49EFC2}.Release|x86.Build.0 = Release|Any CPU
		{205EF703-E539-471F-A59A-E97F43DF5440}.Debug|Any CPU.ActiveCfg = Debug|Any CPU
		{205EF703-E539-471F-A59A-E97F43DF5440}.Debug|Any CPU.Build.0 = Debug|Any CPU
		{205EF703-E539-471F-A59A-E97F43DF5440}.Debug|x64.ActiveCfg = Debug|Any CPU
		{205EF703-E539-471F-A59A-E97F43DF5440}.Debug|x64.Build.0 = Debug|Any CPU
		{205EF703-E539-471F-A59A-E97F43DF5440}.Debug|x86.ActiveCfg = Debug|Any CPU
		{205EF703-E539-471F-A59A-E97F43DF5440}.Debug|x86.Build.0 = Debug|Any CPU
		{205EF703-E539-471F-A59A-E97F43DF5440}.Release|Any CPU.ActiveCfg = Release|Any CPU
		{205EF703-E539-471F-A59A-E97F43DF5440}.Release|Any CPU.Build.0 = Release|Any CPU
		{205EF703-E539-471F-A59A-E97F43DF5440}.Release|x64.ActiveCfg = Release|Any CPU
		{205EF703-E539-471F-A59A-E97F43DF5440}.Release|x64.Build.0 = Release|Any CPU
		{205EF703-E539-471F-A59A-E97F43DF5440}.Release|x86.ActiveCfg = Release|Any CPU
		{205EF703-E539-471F-A59A-E97F43DF5440}.Release|x86.Build.0 = Release|Any CPU
		{4D1BEE1C-5536-4938-BFCC-095A0660A073}.Debug|Any CPU.ActiveCfg = Debug|Any CPU
		{4D1BEE1C-5536-4938-BFCC-095A0660A073}.Debug|Any CPU.Build.0 = Debug|Any CPU
		{4D1BEE1C-5536-4938-BFCC-095A0660A073}.Debug|x64.ActiveCfg = Debug|Any CPU
		{4D1BEE1C-5536-4938-BFCC-095A0660A073}.Debug|x64.Build.0 = Debug|Any CPU
		{4D1BEE1C-5536-4938-BFCC-095A0660A073}.Debug|x86.ActiveCfg = Debug|Any CPU
		{4D1BEE1C-5536-4938-BFCC-095A0660A073}.Debug|x86.Build.0 = Debug|Any CPU
		{4D1BEE1C-5536-4938-BFCC-095A0660A073}.Release|Any CPU.ActiveCfg = Release|Any CPU
		{4D1BEE1C-5536-4938-BFCC-095A0660A073}.Release|Any CPU.Build.0 = Release|Any CPU
		{4D1BEE1C-5536-4938-BFCC-095A0660A073}.Release|x64.ActiveCfg = Release|Any CPU
		{4D1BEE1C-5536-4938-BFCC-095A0660A073}.Release|x64.Build.0 = Release|Any CPU
		{4D1BEE1C-5536-4938-BFCC-095A0660A073}.Release|x86.ActiveCfg = Release|Any CPU
		{4D1BEE1C-5536-4938-BFCC-095A0660A073}.Release|x86.Build.0 = Release|Any CPU
		{D6A02DDC-E67D-47B0-8C3D-ACC143410159}.Debug|Any CPU.ActiveCfg = Debug|Any CPU
		{D6A02DDC-E67D-47B0-8C3D-ACC143410159}.Debug|Any CPU.Build.0 = Debug|Any CPU
		{D6A02DDC-E67D-47B0-8C3D-ACC143410159}.Debug|x64.ActiveCfg = Debug|Any CPU
		{D6A02DDC-E67D-47B0-8C3D-ACC143410159}.Debug|x64.Build.0 = Debug|Any CPU
		{D6A02DDC-E67D-47B0-8C3D-ACC143410159}.Debug|x86.ActiveCfg = Debug|Any CPU
		{D6A02DDC-E67D-47B0-8C3D-ACC143410159}.Debug|x86.Build.0 = Debug|Any CPU
		{D6A02DDC-E67D-47B0-8C3D-ACC143410159}.Release|Any CPU.ActiveCfg = Release|Any CPU
		{D6A02DDC-E67D-47B0-8C3D-ACC143410159}.Release|Any CPU.Build.0 = Release|Any CPU
		{D6A02DDC-E67D-47B0-8C3D-ACC143410159}.Release|x64.ActiveCfg = Release|Any CPU
		{D6A02DDC-E67D-47B0-8C3D-ACC143410159}.Release|x64.Build.0 = Release|Any CPU
		{D6A02DDC-E67D-47B0-8C3D-ACC143410159}.Release|x86.ActiveCfg = Release|Any CPU
		{D6A02DDC-E67D-47B0-8C3D-ACC143410159}.Release|x86.Build.0 = Release|Any CPU
	EndGlobalSection
EndGlobal
